
Microsoft Visual Studio Solution File, Format Version 12.00
# Visual Studio 15
VisualStudioVersion = 15.0.27428.2015
MinimumVisualStudioVersion = 10.0.40219.1
Project("{9A19103F-16F7-4668-BE54-9A1E7A4F7556}") = "Api", "api-lm\Api.csproj", "{571B7A8D-20DE-4EA0-B486-F2A18960D12B}"
EndProject
Project("{9A19103F-16F7-4668-BE54-9A1E7A4F7556}") = "Common", "Common\Common.csproj", "{C7BD1FC8-4262-4247-AE4F-B50B6950E476}"
EndProject
Project("{9A19103F-16F7-4668-BE54-9A1E7A4F7556}") = "Engine", "engine\Engine.csproj", "{A3FBE097-3A4D-430F-A396-8DCB3E3D0DC4}"
EndProject
Global
	GlobalSection(SolutionConfigurationPlatforms) = preSolution
		Debug|Any CPU = Debug|Any CPU
		Release|Any CPU = Release|Any CPU
	EndGlobalSection
	GlobalSection(ProjectConfigurationPlatforms) = postSolution
		{571B7A8D-20DE-4EA0-B486-F2A18960D12B}.Debug|Any CPU.ActiveCfg = Debug|Any CPU
		{571B7A8D-20DE-4EA0-B486-F2A18960D12B}.Debug|Any CPU.Build.0 = Debug|Any CPU
		{571B7A8D-20DE-4EA0-B486-F2A18960D12B}.Release|Any CPU.ActiveCfg = Release|Any CPU
		{571B7A8D-20DE-4EA0-B486-F2A18960D12B}.Release|Any CPU.Build.0 = Release|Any CPU
		{C7BD1FC8-4262-4247-AE4F-B50B6950E476}.Debug|Any CPU.ActiveCfg = Debug|Any CPU
		{C7BD1FC8-4262-4247-AE4F-B50B6950E476}.Debug|Any CPU.Build.0 = Debug|Any CPU
		{C7BD1FC8-4262-4247-AE4F-B50B6950E476}.Release|Any CPU.ActiveCfg = Release|Any CPU
		{C7BD1FC8-4262-4247-AE4F-B50B6950E476}.Release|Any CPU.Build.0 = Release|Any CPU
		{A3FBE097-3A4D-430F-A396-8DCB3E3D0DC4}.Debug|Any CPU.ActiveCfg = Debug|Any CPU
		{A3FBE097-3A4D-430F-A396-8DCB3E3D0DC4}.Debug|Any CPU.Build.0 = Debug|Any CPU
		{A3FBE097-3A4D-430F-A396-8DCB3E3D0DC4}.Release|Any CPU.ActiveCfg = Release|Any CPU
		{A3FBE097-3A4D-430F-A396-8DCB3E3D0DC4}.Release|Any CPU.Build.0 = Release|Any CPU
	EndGlobalSection
	GlobalSection(SolutionProperties) = preSolution
		HideSolutionNode = FALSE
	EndGlobalSection
	GlobalSection(ExtensibilityGlobals) = postSolution
		SolutionGuid = {B13BDA42-31C3-4E30-AA43-0FD7D12717AE}
	EndGlobalSection
EndGlobal
